// !$*UTF8*$!
{
	archiveVersion = 1;
	classes = {
	};
	objectVersion = 77;
	objects = {

/* Begin PBXBuildFile section */
		08BCC464FFF656531430AE94 /* AnyListenApp.swift in Sources */ = {isa = PBXBuildFile; fileRef = 33AE998B260CE9AE96012CE6 /* AnyListenApp.swift */; };
		24AF10A83F42262457089120 /* AudioRoutePicker.swift in Sources */ = {isa = PBXBuildFile; fileRef = 049DB9D9A58CACBD61F86C5A /* AudioRoutePicker.swift */; };
		8A53AB3ECDE70A6FF4813F34 /* AudioEngineManager.swift in Sources */ = {isa = PBXBuildFile; fileRef = 74C6386E45329A7CE03D613C /* AudioEngineManager.swift */; };
		EA05425656481BC21BF3E22F /* ContentView.swift in Sources */ = {isa = PBXBuildFile; fileRef = BA69545B4A4E2F1476E1B15E /* ContentView.swift */; };
/* End PBXBuildFile section */

/* Begin PBXFileReference section */
		049DB9D9A58CACBD61F86C5A /* AudioRoutePicker.swift */ = {isa = PBXFileReference; lastKnownFileType = sourcecode.swift; path = AudioRoutePicker.swift; sourceTree = "<group>"; };
		33AE998B260CE9AE96012CE6 /* AnyListenApp.swift */ = {isa = PBXFileReference; lastKnownFileType = sourcecode.swift; path = AnyListenApp.swift; sourceTree = "<group>"; };
		74C6386E45329A7CE03D613C /* AudioEngineManager.swift */ = {isa = PBXFileReference; lastKnownFileType = sourcecode.swift; path = AudioEngineManager.swift; sourceTree = "<group>"; };
		754ADE6ECF3607261A986529 /* AnyListen.app */ = {isa = PBXFileReference; explicitFileType = wrapper.application; includeInIndex = 0; path = AnyListen.app; sourceTree = BUILT_PRODUCTS_DIR; };
		BA69545B4A4E2F1476E1B15E /* ContentView.swift */ = {isa = PBXFileReference; lastKnownFileType = sourcecode.swift; path = ContentView.swift; sourceTree = "<group>"; };
/* End PBXFileReference section */

/* Begin PBXGroup section */
		0A5BE8B40F862896FAFEBDCB /* AnyListen */ = {
			isa = PBXGroup;
			children = (
				33AE998B260CE9AE96012CE6 /* AnyListenApp.swift */,
				74C6386E45329A7CE03D613C /* AudioEngineManager.swift */,
				049DB9D9A58CACBD61F86C5A /* AudioRoutePicker.swift */,
				BA69545B4A4E2F1476E1B15E /* ContentView.swift */,
			);
			path = AnyListen;
			sourceTree = "<group>";
		};
		30E27DB23C3D8CAC3B0533EE /* Products */ = {
			isa = PBXGroup;
			children = (
				754ADE6ECF3607261A986529 /* AnyListen.app */,
			);
			name = Products;
			sourceTree = "<group>";
		};
		91D4F0D460C901093E17AC72 = {
			isa = PBXGroup;
			children = (
				0A5BE8B40F862896FAFEBDCB /* AnyListen */,
				30E27DB23C3D8CAC3B0533EE /* Products */,
			);
			sourceTree = "<group>";
		};
/* End PBXGroup section */

/* Begin PBXNativeTarget section */
		61B2CA5C157C2844D69AA515 /* AnyListen */ = {
			isa = PBXNativeTarget;
			buildConfigurationList = 42B69D1E27ED17814F24AD4B /* Build configuration list for PBXNativeTarget "AnyListen" */;
			buildPhases = (
				E8A98D88E6F32B323732BA65 /* Sources */,
			);
			buildRules = (
			);
			dependencies = (
			);
			name = AnyListen;
			packageProductDependencies = (
			);
			productName = AnyListen;
			productReference = 754ADE6ECF3607261A986529 /* AnyListen.app */;
			productType = "com.apple.product-type.application";
		};
/* End PBXNativeTarget section */

/* Begin PBXProject section */
		9489954AD599AAC20CF82C8E /* Project object */ = {
			isa = PBXProject;
			attributes = {
				BuildIndependentTargetsInParallel = YES;
				LastUpgradeCheck = 1430;
			};
			buildConfigurationList = 59CBF2ED330211493817E456 /* Build configuration list for PBXProject "AnyListen" */;
			developmentRegion = en;
			hasScannedForEncodings = 0;
			knownRegions = (
				Base,
				en,
			);
			mainGroup = 91D4F0D460C901093E17AC72;
			minimizedProjectReferenceProxies = 1;
			preferredProjectObjectVersion = 77;
			productRefGroup = 30E27DB23C3D8CAC3B0533EE /* Products */;
			projectDirPath = "";
			projectRoot = "";
			targets = (
				61B2CA5C157C2844D69AA515 /* AnyListen */,
			);
		};
/* End PBXProject section */

/* Begin PBXSourcesBuildPhase section */
		E8A98D88E6F32B323732BA65 /* Sources */ = {
			isa = PBXSourcesBuildPhase;
			buildActionMask = 2147483647;
			files = (
				08BCC464FFF656531430AE94 /* AnyListenApp.swift in Sources */,
				8A53AB3ECDE70A6FF4813F34 /* AudioEngineManager.swift in Sources */,
				24AF10A83F42262457089120 /* AudioRoutePicker.swift in Sources */,
				EA05425656481BC21BF3E22F /* ContentView.swift in Sources */,
			);
			runOnlyForDeploymentPostprocessing = 0;
		};
/* End PBXSourcesBuildPhase section */

/* Begin XCBuildConfiguration section */
		3E024EA57ABD045F52969A47 /* Release */ = {
			isa = XCBuildConfiguration;
			buildSettings = {
				ALWAYS_SEARCH_USER_PATHS = NO;
				CLANG_ANALYZER_NONNULL = YES;
				CLANG_ANALYZER_NUMBER_OBJECT_CONVERSION = YES_AGGRESSIVE;
				CLANG_CXX_LANGUAGE_STANDARD = "gnu++14";
				CLANG_CXX_LIBRARY = "libc++";
				CLANG_ENABLE_MODULES = YES;
				CLANG_ENABLE_OBJC_ARC = YES;
				CLANG_ENABLE_OBJC_WEAK = YES;
				CLANG_WARN_BLOCK_CAPTURE_AUTORELEASING = YES;
				CLANG_WARN_BOOL_CONVERSION = YES;
				CLANG_WARN_COMMA = YES;
				CLANG_WARN_CONSTANT_CONVERSION = YES;
				CLANG_WARN_DEPRECATED_OBJC_IMPLEMENTATIONS = YES;
				CLANG_WARN_DIRECT_OBJC_ISA_USAGE = YES_ERROR;
				CLANG_WARN_DOCUMENTATION_COMMENTS = YES;
				CLANG_WARN_EMPTY_BODY = YES;
				CLANG_WARN_ENUM_CONVERSION = YES;
				CLANG_WARN_INFINITE_RECURSION = YES;
				CLANG_WARN_INT_CONVERSION = YES;
				CLANG_WARN_NON_LITERAL_NULL_CONVERSION = YES;
				CLANG_WARN_OBJC_IMPLICIT_RETAIN_SELF = YES;
				CLANG_WARN_OBJC_LITERAL_CONVERSION = YES;
				CLANG_WARN_OBJC_ROOT_CLASS = YES_ERROR;
				CLANG_WARN_QUOTED_INCLUDE_IN_FRAMEWORK_HEADER = YES;
				CLANG_WARN_RANGE_LOOP_ANALYSIS = YES;
				CLANG_WARN_STRICT_PROTOTYPES = YES;
				CLANG_WARN_SUSPICIOUS_MOVE = YES;
				CLANG_WARN_UNGUARDED_AVAILABILITY = YES_AGGRESSIVE;
				CLANG_WARN_UNREACHABLE_CODE = YES;
				CLANG_WARN__DUPLICATE_METHOD_MATCH = YES;
				COPY_PHASE_STRIP = NO;
				DEBUG_INFORMATION_FORMAT = "dwarf-with-dsym";
				ENABLE_NS_ASSERTIONS = NO;
				ENABLE_STRICT_OBJC_MSGSEND = YES;
				GCC_C_LANGUAGE_STANDARD = gnu11;
				GCC_NO_COMMON_BLOCKS = YES;
				GCC_WARN_64_TO_32_BIT_CONVERSION = YES;
				GCC_WARN_ABOUT_RETURN_TYPE = YES_ERROR;
				GCC_WARN_UNDECLARED_SELECTOR = YES;
				GCC_WARN_UNINITIALIZED_AUTOS = YES_AGGRESSIVE;
				GCC_WARN_UNUSED_FUNCTION = YES;
				GCC_WARN_UNUSED_VARIABLE = YES;
				MTL_ENABLE_DEBUG_INFO = NO;
				MTL_FAST_MATH = YES;
				PRODUCT_NAME = "$(TARGET_NAME)";
				SDKROOT = iphoneos;
				SWIFT_COMPILATION_MODE = wholemodule;
				SWIFT_OPTIMIZATION_LEVEL = "-O";
				SWIFT_VERSION = 5.0;
			};
			name = Release;
		};
		9B1068A207080836CBB43601 /* Debug */ = {
			isa = XCBuildConfiguration;
			buildSettings = {
				ASSETCATALOG_COMPILER_APPICON_NAME = AppIcon;
				CODE_SIGN_IDENTITY = "iPhone Developer";
				DEVELOPMENT_TEAM = X8X322FM4F;
				GENERATE_INFOPLIST_FILE = NO;
				INFOPLIST_FILE = AnyListen/Info.plist;
				LD_RUNPATH_SEARCH_PATHS = (
					"$(inherited)",
					"@executable_path/Frameworks",
				);
				PRODUCT_BUNDLE_IDENTIFIER = com.anylisten.AnyListen;
				SDKROOT = iphoneos;
				TARGETED_DEVICE_FAMILY = "1,2";
			};
			name = Debug;
		};
		CF3EA9F0A16CEF7A89739056 /* Release */ = {
			isa = XCBuildConfiguration;
			buildSettings = {
				ASSETCATALOG_COMPILER_APPICON_NAME = AppIcon;
				CODE_SIGN_IDENTITY = "iPhone Developer";
				DEVELOPMENT_TEAM = X8X322FM4F;
				GENERATE_INFOPLIST_FILE = NO;
				INFOPLIST_FILE = AnyListen/Info.plist;
				LD_RUNPATH_SEARCH_PATHS = (
					"$(inherited)",
					"@executable_path/Frameworks",
				);
				PRODUCT_BUNDLE_IDENTIFIER = com.anylisten.AnyListen;
				SDKROOT = iphoneos;
				TARGETED_DEVICE_FAMILY = "1,2";
			};
			name = Release;
		};
		D46A0AD184428D3CFF0D4A14 /* Debug */ = {
			isa = XCBuildConfiguration;
			buildSettings = {
				ALWAYS_SEARCH_USER_PATHS = NO;
				CLANG_ANALYZER_NONNULL = YES;
				CLANG_ANALYZER_NUMBER_OBJECT_CONVERSION = YES_AGGRESSIVE;
				CLANG_CXX_LANGUAGE_STANDARD = "gnu++14";
				CLANG_CXX_LIBRARY = "libc++";
				CLANG_ENABLE_MODULES = YES;
				CLANG_ENABLE_OBJC_ARC = YES;
				CLANG_ENABLE_OBJC_WEAK = YES;
				CLANG_WARN_BLOCK_CAPTURE_AUTORELEASING = YES;
				CLANG_WARN_BOOL_CONVERSION = YES;
				CLANG_WARN_COMMA = YES;
				CLANG_WARN_CONSTANT_CONVERSION = YES;
				CLANG_WARN_DEPRECATED_OBJC_IMPLEMENTATIONS = YES;
				CLANG_WARN_DIRECT_OBJC_ISA_USAGE = YES_ERROR;
				CLANG_WARN_DOCUMENTATION_COMMENTS = YES;
				CLANG_WARN_EMPTY_BODY = YES;
				CLANG_WARN_ENUM_CONVERSION = YES;
				CLANG_WARN_INFINITE_RECURSION = YES;
				CLANG_WARN_INT_CONVERSION = YES;
				CLANG_WARN_NON_LITERAL_NULL_CONVERSION = YES;
				CLANG_WARN_OBJC_IMPLICIT_RETAIN_SELF = YES;
				CLANG_WARN_OBJC_LITERAL_CONVERSION = YES;
				CLANG_WARN_OBJC_ROOT_CLASS = YES_ERROR;
				CLANG_WARN_QUOTED_INCLUDE_IN_FRAMEWORK_HEADER = YES;
				CLANG_WARN_RANGE_LOOP_ANALYSIS = YES;
				CLANG_WARN_STRICT_PROTOTYPES = YES;
				CLANG_WARN_SUSPICIOUS_MOVE = YES;
				CLANG_WARN_UNGUARDED_AVAILABILITY = YES_AGGRESSIVE;
				CLANG_WARN_UNREACHABLE_CODE = YES;
				CLANG_WARN__DUPLICATE_METHOD_MATCH = YES;
				COPY_PHASE_STRIP = NO;
				DEBUG_INFORMATION_FORMAT = dwarf;
				ENABLE_STRICT_OBJC_MSGSEND = YES;
				ENABLE_TESTABILITY = YES;
				GCC_C_LANGUAGE_STANDARD = gnu11;
				GCC_DYNAMIC_NO_PIC = NO;
				GCC_NO_COMMON_BLOCKS = YES;
				GCC_OPTIMIZATION_LEVEL = 0;
				GCC_PREPROCESSOR_DEFINITIONS = (
					"$(inherited)",
					"DEBUG=1",
				);
				GCC_WARN_64_TO_32_BIT_CONVERSION = YES;
				GCC_WARN_ABOUT_RETURN_TYPE = YES_ERROR;
				GCC_WARN_UNDECLARED_SELECTOR = YES;
				GCC_WARN_UNINITIALIZED_AUTOS = YES_AGGRESSIVE;
				GCC_WARN_UNUSED_FUNCTION = YES;
				GCC_WARN_UNUSED_VARIABLE = YES;
				MTL_ENABLE_DEBUG_INFO = INCLUDE_SOURCE;
				MTL_FAST_MATH = YES;
				ONLY_ACTIVE_ARCH = YES;
				PRODUCT_NAME = "$(TARGET_NAME)";
				SDKROOT = iphoneos;
				SWIFT_ACTIVE_COMPILATION_CONDITIONS = DEBUG;
				SWIFT_OPTIMIZATION_LEVEL = "-Onone";
				SWIFT_VERSION = 5.0;
			};
			name = Debug;
		};
/* End XCBuildConfiguration section */

/* Begin XCConfigurationList section */
		42B69D1E27ED17814F24AD4B /* Build configuration list for PBXNativeTarget "AnyListen" */ = {
			isa = XCConfigurationList;
			buildConfigurations = (
				9B1068A207080836CBB43601 /* Debug */,
				CF3EA9F0A16CEF7A89739056 /* Release */,
			);
			defaultConfigurationIsVisible = 0;
			defaultConfigurationName = Debug;
		};
		59CBF2ED330211493817E456 /* Build configuration list for PBXProject "AnyListen" */ = {
			isa = XCConfigurationList;
			buildConfigurations = (
				D46A0AD184428D3CFF0D4A14 /* Debug */,
				3E024EA57ABD045F52969A47 /* Release */,
			);
			defaultConfigurationIsVisible = 0;
			defaultConfigurationName = Debug;
		};
/* End XCConfigurationList section */
	};
	rootObject = 9489954AD599AAC20CF82C8E /* Project object */;
}
